
Microsoft Visual Studio Solution File, Format Version 12.00
# Visual Studio Version 17
VisualStudioVersion = 17.7.34018.315
MinimumVisualStudioVersion = 10.0.40219.1
Project("{FAE04EC0-301F-11D3-BF4B-00C04F79EFBC}") = "CarRental", "CarRental\CarRental.csproj", "{A0A1EEA9-E083-4CB3-9FF2-2A918F7D098B}"
	ProjectSection(ProjectDependencies) = postProject
		{4C0E9DD6-00DE-419F-B8A1-905F2CBB7DA6} = {4C0E9DD6-00DE-419F-B8A1-905F2CBB7DA6}
	EndProjectSection
EndProject
Project("{FAE04EC0-301F-11D3-BF4B-00C04F79EFBC}") = "CarRental.Common", "CarRental.Common\CarRental.Common.csproj", "{4C0E9DD6-00DE-419F-B8A1-905F2CBB7DA6}"
EndProject
Project("{FAE04EC0-301F-11D3-BF4B-00C04F79EFBC}") = "CarRental.Business", "CarRental.Business\CarRental.Business.csproj", "{DEBE6FBA-9B2E-4C14-937B-336FA441161C}"
EndProject
Project("{FAE04EC0-301F-11D3-BF4B-00C04F79EFBC}") = "CarRental.Data", "CarRental.Data\CarRental.Data.csproj", "{3C3F0726-3897-42BD-ABF3-87021FD887D2}"
	ProjectSection(ProjectDependencies) = postProject
		{4C0E9DD6-00DE-419F-B8A1-905F2CBB7DA6} = {4C0E9DD6-00DE-419F-B8A1-905F2CBB7DA6}
	EndProjectSection
EndProject
Global
	GlobalSection(SolutionConfigurationPlatforms) = preSolution
		Debug|Any CPU = Debug|Any CPU
		Release|Any CPU = Release|Any CPU
	EndGlobalSection
	GlobalSection(ProjectConfigurationPlatforms) = postSolution
		{A0A1EEA9-E083-4CB3-9FF2-2A918F7D098B}.Debug|Any CPU.ActiveCfg = Debug|Any CPU
		{A0A1EEA9-E083-4CB3-9FF2-2A918F7D098B}.Debug|Any CPU.Build.0 = Debug|Any CPU
		{A0A1EEA9-E083-4CB3-9FF2-2A918F7D098B}.Release|Any CPU.ActiveCfg = Release|Any CPU
		{A0A1EEA9-E083-4CB3-9FF2-2A918F7D098B}.Release|Any CPU.Build.0 = Release|Any CPU
		{4C0E9DD6-00DE-419F-B8A1-905F2CBB7DA6}.Debug|Any CPU.ActiveCfg = Debug|Any CPU
		{4C0E9DD6-00DE-419F-B8A1-905F2CBB7DA6}.Debug|Any CPU.Build.0 = Debug|Any CPU
		{4C0E9DD6-00DE-419F-B8A1-905F2CBB7DA6}.Release|Any CPU.ActiveCfg = Release|Any CPU
		{4C0E9DD6-00DE-419F-B8A1-905F2CBB7DA6}.Release|Any CPU.Build.0 = Release|Any CPU
		{DEBE6FBA-9B2E-4C14-937B-336FA441161C}.Debug|Any CPU.ActiveCfg = Debug|Any CPU
		{DEBE6FBA-9B2E-4C14-937B-336FA441161C}.Debug|Any CPU.Build.0 = Debug|Any CPU
		{DEBE6FBA-9B2E-4C14-937B-336FA441161C}.Release|Any CPU.ActiveCfg = Release|Any CPU
		{DEBE6FBA-9B2E-4C14-937B-336FA441161C}.Release|Any CPU.Build.0 = Release|Any CPU
		{3C3F0726-3897-42BD-ABF3-87021FD887D2}.Debug|Any CPU.ActiveCfg = Debug|Any CPU
		{3C3F0726-3897-42BD-ABF3-87021FD887D2}.Debug|Any CPU.Build.0 = Debug|Any CPU
		{3C3F0726-3897-42BD-ABF3-87021FD887D2}.Release|Any CPU.ActiveCfg = Release|Any CPU
		{3C3F0726-3897-42BD-ABF3-87021FD887D2}.Release|Any CPU.Build.0 = Release|Any CPU
	EndGlobalSection
	GlobalSection(SolutionProperties) = preSolution
		HideSolutionNode = FALSE
	EndGlobalSection
	GlobalSection(ExtensibilityGlobals) = postSolution
		SolutionGuid = {C5F8040E-2219-4F91-8AFE-FA48984CA57D}
	EndGlobalSection
EndGlobal
